
Microsoft Visual Studio Solution File, Format Version 12.00
# Visual Studio Version 17
VisualStudioVersion = 17.11.35312.102
MinimumVisualStudioVersion = 10.0.40219.1
Project("{FAE04EC0-301F-11D3-BF4B-00C04F79EFBC}") = "NotUyg", "NotUyg\NotUyg.csproj", "{61E5B3D1-F51E-4ED0-BCA6-044F33431C50}"
EndProject
Global
	GlobalSection(SolutionConfigurationPlatforms) = preSolution
		Debug|Any CPU = Debug|Any CPU
		Release|Any CPU = Release|Any CPU
	EndGlobalSection
	GlobalSection(ProjectConfigurationPlatforms) = postSolution
		{61E5B3D1-F51E-4ED0-BCA6-044F33431C50}.Debug|Any CPU.ActiveCfg = Debug|Any CPU
		{61E5B3D1-F51E-4ED0-BCA6-044F33431C50}.Debug|Any CPU.Build.0 = Debug|Any CPU
		{61E5B3D1-F51E-4ED0-BCA6-044F33431C50}.Release|Any CPU.ActiveCfg = Release|Any CPU
		{61E5B3D1-F51E-4ED0-BCA6-044F33431C50}.Release|Any CPU.Build.0 = Release|Any CPU
	EndGlobalSection
	GlobalSection(SolutionProperties) = preSolution
		HideSolutionNode = FALSE
	EndGlobalSection
	GlobalSection(ExtensibilityGlobals) = postSolution
		SolutionGuid = {4F305C11-965F-426A-93EF-B11B03351224}
	EndGlobalSection
EndGlobal
